
Microsoft Visual Studio Solution File, Format Version 12.00
# Visual Studio Version 17
VisualStudioVersion = 17.9.34902.65
MinimumVisualStudioVersion = 10.0.40219.1
Project("{FAE04EC0-301F-11D3-BF4B-00C04F79EFBC}") = "clmbypass", "clmbypass\clmbypass.csproj", "{5640F291-72E8-408A-A068-37C5CAE53231}"
EndProject
Global
	GlobalSection(SolutionConfigurationPlatforms) = preSolution
		Debug|Any CPU = Debug|Any CPU
		Release|Any CPU = Release|Any CPU
	EndGlobalSection
	GlobalSection(ProjectConfigurationPlatforms) = postSolution
		{5640F291-72E8-408A-A068-37C5CAE53231}.Debug|Any CPU.ActiveCfg = Debug|Any CPU
		{5640F291-72E8-408A-A068-37C5CAE53231}.Debug|Any CPU.Build.0 = Debug|Any CPU
		{5640F291-72E8-408A-A068-37C5CAE53231}.Release|Any CPU.ActiveCfg = Release|Any CPU
		{5640F291-72E8-408A-A068-37C5CAE53231}.Release|Any CPU.Build.0 = Release|Any CPU
	EndGlobalSection
	GlobalSection(SolutionProperties) = preSolution
		HideSolutionNode = FALSE
	EndGlobalSection
	GlobalSection(ExtensibilityGlobals) = postSolution
		SolutionGuid = {958B6122-BEEB-4719-80F9-AAFCF7BD9E52}
	EndGlobalSection
EndGlobal
